
Microsoft Visual Studio Solution File, Format Version 11.00
# Visual Studio 2010
Project("{2150E333-8FDC-42A3-9474-1A3956D46DE8}") = "第1章　基本语言要素", "第1章　基本语言要素", "{CAB700B4-C3E5-4589-A2D3-0D18ABEC214A}"
	ProjectSection(SolutionItems) = preProject
		说明.txt = 说明.txt
	EndProjectSection
EndProject
Project("{2150E333-8FDC-42A3-9474-1A3956D46DE8}") = "第2章　集合和LINQ", "第2章　集合和LINQ", "{3A2EFDF4-195E-4F3F-B22B-06B05749AE22}"
EndProject
Project("{2150E333-8FDC-42A3-9474-1A3956D46DE8}") = "第3章　泛型、委托和事件", "第3章　泛型、委托和事件", "{86C46B62-2EE2-498A-AF32-FC5FDD2F0A22}"
EndProject
Project("{2150E333-8FDC-42A3-9474-1A3956D46DE8}") = "第4章　资源管理和序列化", "第4章　资源管理和序列化", "{44B97ABA-33AA-4617-877B-DCE5430E8F7E}"
EndProject
Project("{2150E333-8FDC-42A3-9474-1A3956D46DE8}") = "第5章　异常与自定义异常", "第5章　异常与自定义异常", "{DA8C3821-DB97-40AC-AB69-77DF0B4143F3}"
EndProject
Project("{2150E333-8FDC-42A3-9474-1A3956D46DE8}") = "第6章　异步、多线程、任务和并行", "第6章　异步、多线程、任务和并行", "{A49F0D7D-4CE9-4DA0-9E3E-E9C85E2C4DF5}"
EndProject
Project("{2150E333-8FDC-42A3-9474-1A3956D46DE8}") = "第7章　成员设计", "第7章　成员设计", "{89AD9075-B0BE-41C2-9EE0-7BDCA16DACD5}"
EndProject
Project("{2150E333-8FDC-42A3-9474-1A3956D46DE8}") = "第8章　类型设计", "第8章　类型设计", "{33A3A8D6-E3F2-4F52-86F9-767A9AB961EE}"
EndProject
Project("{2150E333-8FDC-42A3-9474-1A3956D46DE8}") = "第9章　安全性设计", "第9章　安全性设计", "{03E8503D-6DA8-47ED-BA12-A06F19569EDB}"
EndProject
Project("{2150E333-8FDC-42A3-9474-1A3956D46DE8}") = "第10章　命名规范", "第10章　命名规范", "{53B134A5-3B4F-40C0-89A3-B1922CBA3F95}"
EndProject
Project("{2150E333-8FDC-42A3-9474-1A3956D46DE8}") = "第11章　代码整洁", "第11章　代码整洁", "{4CEDAF02-8ECD-4677-8734-966003B34906}"
EndProject
Project("{2150E333-8FDC-42A3-9474-1A3956D46DE8}") = "第12章　规范开发行为", "第12章　规范开发行为", "{065CD21D-23E8-4942-A7B9-58733EC96DDA}"
EndProject
Project("{FAE04EC0-301F-11D3-BF4B-00C04F79EFBC}") = "Tip1", "Tip1\Tip1.csproj", "{87CEF8EA-CCD3-423D-A892-B745C4EA35C9}"
EndProject
Project("{FAE04EC0-301F-11D3-BF4B-00C04F79EFBC}") = "Tip2", "Tip2\Tip2.csproj", "{D544DC0F-0C88-4F57-B17E-2712BB261A4C}"
EndProject
Project("{FAE04EC0-301F-11D3-BF4B-00C04F79EFBC}") = "Tip3", "Tip3\Tip3.csproj", "{BDBF9F19-9CC9-413E-94D1-59BC90CF9676}"
EndProject
Project("{FAE04EC0-301F-11D3-BF4B-00C04F79EFBC}") = "Tip4", "Tip4\Tip4.csproj", "{9C2F1219-4A47-45F5-AFE9-8512897C8D77}"
EndProject
Project("{FAE04EC0-301F-11D3-BF4B-00C04F79EFBC}") = "Tip6", "Tip6\Tip6.csproj", "{B1CA732A-0F3E-4B52-B7B3-1DD176593DBF}"
EndProject
Project("{FAE04EC0-301F-11D3-BF4B-00C04F79EFBC}") = "Tip7", "Tip7\Tip7.csproj", "{EAFFF991-72C1-4A02-9F4D-B1F1CDD12B86}"
EndProject
Project("{FAE04EC0-301F-11D3-BF4B-00C04F79EFBC}") = "Tip8", "Tip8\Tip8.csproj", "{A4B65D3F-41FC-4292-98AB-CB3181AE60E8}"
EndProject
Project("{FAE04EC0-301F-11D3-BF4B-00C04F79EFBC}") = "Tip9", "Tip9\Tip9.csproj", "{39E784EE-9DCC-4E86-8104-58D996CD10B7}"
EndProject
Project("{FAE04EC0-301F-11D3-BF4B-00C04F79EFBC}") = "Tip10", "Tip10\Tip10.csproj", "{E16D80BF-22B6-4042-AE4B-EB91F69D3721}"
EndProject
Project("{FAE04EC0-301F-11D3-BF4B-00C04F79EFBC}") = "Tip11", "Tip11\Tip11.csproj", "{677C45F7-8EFD-47CA-9428-24E7B44B6332}"
EndProject
Project("{FAE04EC0-301F-11D3-BF4B-00C04F79EFBC}") = "Tip12", "Tip12\Tip12.csproj", "{BCCC3802-5EA0-4ECB-A872-CD3B6635DB53}"
EndProject
Project("{FAE04EC0-301F-11D3-BF4B-00C04F79EFBC}") = "Tip13", "Tip13\Tip13.csproj", "{11AB6334-8D75-4650-B20F-39DD5FE1A15A}"
EndProject
Project("{FAE04EC0-301F-11D3-BF4B-00C04F79EFBC}") = "Tip14", "Tip14\Tip14.csproj", "{282A43E3-BB9E-4BD9-98C1-4862E4023E85}"
EndProject
Project("{FAE04EC0-301F-11D3-BF4B-00C04F79EFBC}") = "Tip15", "Tip15\Tip15.csproj", "{DA99FE98-7B3E-431C-A6B6-903B73C6E6C2}"
EndProject
Project("{FAE04EC0-301F-11D3-BF4B-00C04F79EFBC}") = "Tip16", "Tip16\Tip16.csproj", "{520506C5-BCB7-455D-BB42-EEBC6501CDD1}"
EndProject
Project("{FAE04EC0-301F-11D3-BF4B-00C04F79EFBC}") = "Tip17", "Tip17\Tip17.csproj", "{8F35B146-E0B1-4391-A040-41F4C69E152E}"
EndProject
Project("{FAE04EC0-301F-11D3-BF4B-00C04F79EFBC}") = "Tip19", "Tip19\Tip19.csproj", "{B6B7C091-F877-4833-83C9-E44AF395562E}"
EndProject
Project("{FAE04EC0-301F-11D3-BF4B-00C04F79EFBC}") = "Tip20", "Tip20\Tip20.csproj", "{02301A2A-99B3-4BCA-8787-299ECD367FFE}"
EndProject
Project("{FAE04EC0-301F-11D3-BF4B-00C04F79EFBC}") = "Tip22", "Tip22\Tip22.csproj", "{8486BF15-5E05-4BB1-A416-01E1928513A3}"
EndProject
Project("{FAE04EC0-301F-11D3-BF4B-00C04F79EFBC}") = "Tip23", "Tip23\Tip23.csproj", "{0920F118-1D90-4B0A-98D2-D11A2AE4DBA4}"
EndProject
Project("{FAE04EC0-301F-11D3-BF4B-00C04F79EFBC}") = "Tip25", "Tip25\Tip25.csproj", "{5F37459D-283A-4344-B0F3-AD501DD3885E}"
EndProject
Project("{FAE04EC0-301F-11D3-BF4B-00C04F79EFBC}") = "Tip26", "Tip26\Tip26.csproj", "{DA519221-2BC0-4AE8-82AF-99023076B4A9}"
EndProject
Project("{FAE04EC0-301F-11D3-BF4B-00C04F79EFBC}") = "Tip28", "Tip28\Tip28.csproj", "{BEEEC541-BAF9-4F66-A8E3-46F853C13B05}"
EndProject
Project("{FAE04EC0-301F-11D3-BF4B-00C04F79EFBC}") = "Tip29", "Tip29\Tip29.csproj", "{4E4A5B67-30B6-4BAC-98F7-2074BE137547}"
EndProject
Project("{FAE04EC0-301F-11D3-BF4B-00C04F79EFBC}") = "Tip30", "Tip30\Tip30.csproj", "{F010A5ED-7425-450C-9541-3C0A84291649}"
EndProject
Project("{FAE04EC0-301F-11D3-BF4B-00C04F79EFBC}") = "Tip31", "Tip31\Tip31.csproj", "{6D951440-841B-43FF-B4B8-564EC1FE426F}"
EndProject
Project("{FAE04EC0-301F-11D3-BF4B-00C04F79EFBC}") = "Tip32", "Tip32\Tip32.csproj", "{8E034DA6-825E-479E-A007-5F505D4120E5}"
EndProject
Project("{FAE04EC0-301F-11D3-BF4B-00C04F79EFBC}") = "Tip33", "Tip33\Tip33.csproj", "{FAB4ADD3-C282-4EBE-A868-AC4AE4EEACC6}"
EndProject
Project("{FAE04EC0-301F-11D3-BF4B-00C04F79EFBC}") = "Tip36", "Tip36\Tip36.csproj", "{D288794C-A9D8-4A06-BEB3-7374BA539E4B}"
EndProject
Project("{FAE04EC0-301F-11D3-BF4B-00C04F79EFBC}") = "Tip37", "Tip37\Tip37.csproj", "{95A5E7BE-A51F-458B-B9BC-728D3D89094B}"
EndProject
Project("{FAE04EC0-301F-11D3-BF4B-00C04F79EFBC}") = "Tip38", "Tip38\Tip38.csproj", "{7CF44053-27A1-47B8-B240-18AD5E51254E}"
EndProject
Project("{FAE04EC0-301F-11D3-BF4B-00C04F79EFBC}") = "Tip39", "Tip39\Tip39.csproj", "{FB9AAC78-8910-458E-9B2E-C202C8AD4E10}"
EndProject
Project("{FAE04EC0-301F-11D3-BF4B-00C04F79EFBC}") = "Tip41", "Tip41\Tip41.csproj", "{B4AE34DB-0396-44D1-BB2B-20312101DBBE}"
EndProject
Project("{FAE04EC0-301F-11D3-BF4B-00C04F79EFBC}") = "Tip42", "Tip42\Tip42.csproj", "{1BE2E005-D4A0-4FF8-88F4-3E97E6979108}"
EndProject
Project("{FAE04EC0-301F-11D3-BF4B-00C04F79EFBC}") = "Tip43", "Tip43\Tip43.csproj", "{B40CFCD4-3B1F-4698-BF71-FDF0F0BACE3A}"
EndProject
Project("{FAE04EC0-301F-11D3-BF4B-00C04F79EFBC}") = "Tip44", "Tip44\Tip44\Tip44.csproj", "{6921ED07-1FED-48F7-89B5-10D91770791F}"
EndProject
Project("{FAE04EC0-301F-11D3-BF4B-00C04F79EFBC}") = "Tip45", "Tip45\Tip45.csproj", "{2FB95BBC-FC2D-4CC9-AEA2-32E8DD64E210}"
EndProject
Project("{FAE04EC0-301F-11D3-BF4B-00C04F79EFBC}") = "Tip46", "Tip46\Tip46.csproj", "{CE7E0091-4443-4836-9908-B9085E57F000}"
EndProject
Project("{FAE04EC0-301F-11D3-BF4B-00C04F79EFBC}") = "Tip49", "Tip49\Tip49.csproj", "{4681DE8D-1DC9-4EEB-98C9-4FBDD9AA8335}"
EndProject
Project("{FAE04EC0-301F-11D3-BF4B-00C04F79EFBC}") = "Tip51", "Tip51\Tip51.csproj", "{41C43D07-6A78-40BC-923F-9F84BA311F6B}"
EndProject
Project("{FAE04EC0-301F-11D3-BF4B-00C04F79EFBC}") = "Tip53", "Tip53\Tip53.csproj", "{79E50228-EB2E-4263-A15B-F5379064CFB3}"
EndProject
Project("{FAE04EC0-301F-11D3-BF4B-00C04F79EFBC}") = "Tip54", "Tip54\Tip54.csproj", "{8C09645F-3776-4727-A2F4-45C15B2671F0}"
EndProject
Project("{FAE04EC0-301F-11D3-BF4B-00C04F79EFBC}") = "Tip55", "Tip55\Tip55.csproj", "{C2B11311-F122-41CD-BCA7-CD05FBDB3819}"
EndProject
Project("{FAE04EC0-301F-11D3-BF4B-00C04F79EFBC}") = "Tip56", "Tip56\Tip56.csproj", "{5A25AB69-3134-4EA0-864E-55B49B621067}"
EndProject
Project("{FAE04EC0-301F-11D3-BF4B-00C04F79EFBC}") = "Tip57", "Tip57\Tip57.csproj", "{5C057A17-8D49-49F3-8B7E-A626A63E2032}"
EndProject
Project("{FAE04EC0-301F-11D3-BF4B-00C04F79EFBC}") = "Tip58", "Tip58\Tip58.csproj", "{3D0E7BB2-1189-49DF-BE9F-F816EA13E119}"
EndProject
Project("{FAE04EC0-301F-11D3-BF4B-00C04F79EFBC}") = "Tip59", "Tip59\Tip59.csproj", "{5684BD81-2F71-475F-AAAC-75B073D791EC}"
EndProject
Project("{FAE04EC0-301F-11D3-BF4B-00C04F79EFBC}") = "Tip61", "Tip61\Tip61.csproj", "{82AC642E-836E-48F3-BED4-7A968CD1C26A}"
EndProject
Project("{FAE04EC0-301F-11D3-BF4B-00C04F79EFBC}") = "Tip62", "Tip62\Tip62.csproj", "{D34828E1-412C-48E7-9621-F2A12648C2E9}"
EndProject
Project("{FAE04EC0-301F-11D3-BF4B-00C04F79EFBC}") = "Tip64", "Tip64\Tip64.csproj", "{BCBB55B0-8858-4770-A8D1-B7163C77E317}"
EndProject
Project("{FAE04EC0-301F-11D3-BF4B-00C04F79EFBC}") = "Tip65", "Tip65\Tip65.csproj", "{9E416337-5C56-4736-AFF6-4CC871F4936C}"
EndProject
Project("{FAE04EC0-301F-11D3-BF4B-00C04F79EFBC}") = "Tip66", "Tip66\Tip66.csproj", "{3D4F0664-3BF1-4BEF-80F9-78DC748AFFF5}"
EndProject
Project("{FAE04EC0-301F-11D3-BF4B-00C04F79EFBC}") = "Tip68", "Tip68\Tip68.csproj", "{B2E8738D-328C-4E73-953A-B64C908781CB}"
EndProject
Project("{FAE04EC0-301F-11D3-BF4B-00C04F79EFBC}") = "Tip69", "Tip69\Tip69.csproj", "{79EA1A80-E1C0-42D6-8AC8-173986EDC4A7}"
EndProject
Project("{FAE04EC0-301F-11D3-BF4B-00C04F79EFBC}") = "Tip71", "Tip71\Tip71.csproj", "{67FDD6FA-D35B-446B-96D3-AC73934A70D0}"
EndProject
Project("{FAE04EC0-301F-11D3-BF4B-00C04F79EFBC}") = "Tip72", "Tip72\Tip72.csproj", "{72F2CC5A-40B9-46A6-9466-428CE564D558}"
EndProject
Project("{FAE04EC0-301F-11D3-BF4B-00C04F79EFBC}") = "Tip73", "Tip73\Tip73.csproj", "{783D95FF-A9FB-4193-AC41-27C8C11FC587}"
EndProject
Project("{FAE04EC0-301F-11D3-BF4B-00C04F79EFBC}") = "Tip75", "Tip75\Tip75.csproj", "{6ADDC3EA-C4A9-4890-B3FC-1B29DAB40AEF}"
EndProject
Project("{FAE04EC0-301F-11D3-BF4B-00C04F79EFBC}") = "Tip76", "Tip76\Tip76.csproj", "{A9EFBC63-C7DA-49BF-AB4F-F6C23DC1E40B}"
EndProject
Project("{FAE04EC0-301F-11D3-BF4B-00C04F79EFBC}") = "Tip77", "Tip77\Tip77.csproj", "{D3F9C086-7DD3-48FA-B424-DAFD486CC6FD}"
EndProject
Project("{FAE04EC0-301F-11D3-BF4B-00C04F79EFBC}") = "Tip78", "Tip78\Tip78.csproj", "{2547ACAF-74D3-4EA7-86C9-901F236A243B}"
EndProject
Project("{FAE04EC0-301F-11D3-BF4B-00C04F79EFBC}") = "Tip79", "Tip79\Tip79.csproj", "{78C00D2A-72A1-446D-B3E2-21CCF15AF87E}"
EndProject
Project("{FAE04EC0-301F-11D3-BF4B-00C04F79EFBC}") = "Tip80", "Tip80\Tip80.csproj", "{1A6AE0FA-3671-467C-A9DA-0587B408DB57}"
EndProject
Project("{FAE04EC0-301F-11D3-BF4B-00C04F79EFBC}") = "Tip81", "Tip81\Tip81.csproj", "{2EF4B8F4-A870-483E-814C-BB5CF6082431}"
EndProject
Project("{FAE04EC0-301F-11D3-BF4B-00C04F79EFBC}") = "Tip82", "Tip82\Tip82.csproj", "{2CF83A6B-4DB3-4222-B447-55B23DE18145}"
EndProject
Project("{FAE04EC0-301F-11D3-BF4B-00C04F79EFBC}") = "Tip83", "Tip83\Tip83.csproj", "{E7100C71-262D-43E7-988D-906853007294}"
EndProject
Project("{FAE04EC0-301F-11D3-BF4B-00C04F79EFBC}") = "Tip84", "Tip84\Tip84.csproj", "{B044A221-8491-4F09-8A19-F10DACA6DF5D}"
EndProject
Project("{FAE04EC0-301F-11D3-BF4B-00C04F79EFBC}") = "Tip85", "Tip85\Tip85.csproj", "{192F687B-68B3-4040-8E03-6A58681F7D0F}"
EndProject
Project("{FAE04EC0-301F-11D3-BF4B-00C04F79EFBC}") = "Tip86", "Tip86\Tip86.csproj", "{BE250DE0-C49F-4E8E-B573-C0425431336A}"
EndProject
Project("{FAE04EC0-301F-11D3-BF4B-00C04F79EFBC}") = "Tip87Winform", "Tip87Winform\Tip87Winform.csproj", "{9A9022E3-EC46-4DDB-A6B0-96C077E3520A}"
EndProject
Project("{FAE04EC0-301F-11D3-BF4B-00C04F79EFBC}") = "Tip87WPF", "Tip87WPF\Tip87WPF.csproj", "{A571D90C-B4F3-4F00-B702-EF83623D953E}"
EndProject
Project("{FAE04EC0-301F-11D3-BF4B-00C04F79EFBC}") = "Tip88", "Tip88\Tip88.csproj", "{411015C5-5344-4911-9088-31783977AD89}"
EndProject
Project("{FAE04EC0-301F-11D3-BF4B-00C04F79EFBC}") = "Tip89", "Tip89\Tip89.csproj", "{D31AA2D5-6214-4FC6-B552-6931C4FBA707}"
EndProject
Project("{FAE04EC0-301F-11D3-BF4B-00C04F79EFBC}") = "Tip92", "Tip92\Tip92.csproj", "{615B5010-08B0-4701-BD11-91F954EF42D6}"
EndProject
Project("{FAE04EC0-301F-11D3-BF4B-00C04F79EFBC}") = "Tip94", "Tip94\Tip94.csproj", "{C6989B14-EB42-4627-929F-F2ADFE5E722B}"
EndProject
Project("{FAE04EC0-301F-11D3-BF4B-00C04F79EFBC}") = "Tip95", "Tip95\Tip95.csproj", "{1B7BF82D-683D-4379-B0F4-2EBEF7BF3E8C}"
EndProject
Project("{FAE04EC0-301F-11D3-BF4B-00C04F79EFBC}") = "Tip99", "Tip99\Tip99.csproj", "{8B4C50FF-E896-4FC8-94A9-9BCDB40B737E}"
EndProject
Project("{FAE04EC0-301F-11D3-BF4B-00C04F79EFBC}") = "Tip101", "Tip101\Tip101.csproj", "{55048F59-6A9B-4DED-A044-300094D3E9B4}"
EndProject
Project("{FAE04EC0-301F-11D3-BF4B-00C04F79EFBC}") = "Tip104", "Tip104\Tip104.csproj", "{91A1CABF-7AE0-42F0-9F53-1E63B52BC0EC}"
EndProject
Project("{FAE04EC0-301F-11D3-BF4B-00C04F79EFBC}") = "Tip105", "Tip105\Tip105.csproj", "{FEA611E8-4B8C-4B2D-BADB-1B5C98D8578A}"
EndProject
Project("{FAE04EC0-301F-11D3-BF4B-00C04F79EFBC}") = "Tip106", "Tip106\Tip106.csproj", "{AF3FC497-16AD-4344-B6E6-951A6533F325}"
EndProject
Project("{FAE04EC0-301F-11D3-BF4B-00C04F79EFBC}") = "Tip110", "Tip110\Tip110.csproj", "{D465EDD5-7816-4B1E-81B0-4DE582E53236}"
EndProject
Project("{FAE04EC0-301F-11D3-BF4B-00C04F79EFBC}") = "Tip113", "Tip113\Tip113.csproj", "{76F9210E-7C56-4343-BFBA-5ADA8F7504A4}"
EndProject
Project("{FAE04EC0-301F-11D3-BF4B-00C04F79EFBC}") = "Tip114", "Tip114\Tip114.csproj", "{63BDCB81-D3A6-4064-B4A5-7EA4D9E30DAC}"
EndProject
Project("{FAE04EC0-301F-11D3-BF4B-00C04F79EFBC}") = "Tip115", "Tip115\Tip115.csproj", "{AAB5653D-112F-49ED-87E2-6C895861788D}"
EndProject
Project("{FAE04EC0-301F-11D3-BF4B-00C04F79EFBC}") = "Tip116", "Tip116\Tip116.csproj", "{E5C44BBA-1712-4AEB-ACCE-5E9134FF876D}"
EndProject
Project("{FAE04EC0-301F-11D3-BF4B-00C04F79EFBC}") = "Tip117", "Tip117\Tip117.csproj", "{88C1B203-159A-4452-82E6-F8B33DB9FF87}"
EndProject
Project("{FAE04EC0-301F-11D3-BF4B-00C04F79EFBC}") = "Tip118", "Tip118\Tip118.csproj", "{641E2FA3-824A-44F9-B9B3-1C66BACD6EDF}"
EndProject
Project("{FAE04EC0-301F-11D3-BF4B-00C04F79EFBC}") = "Tip121", "Tip121\Tip121.csproj", "{1D80038A-C217-48E0-B4EE-1579C5E2D022}"
EndProject
Global
	GlobalSection(SolutionConfigurationPlatforms) = preSolution
		Debug|x86 = Debug|x86
		Release|x86 = Release|x86
	EndGlobalSection
	GlobalSection(ProjectConfigurationPlatforms) = postSolution
		{87CEF8EA-CCD3-423D-A892-B745C4EA35C9}.Debug|x86.ActiveCfg = Debug|x86
		{87CEF8EA-CCD3-423D-A892-B745C4EA35C9}.Debug|x86.Build.0 = Debug|x86
		{87CEF8EA-CCD3-423D-A892-B745C4EA35C9}.Release|x86.ActiveCfg = Release|x86
		{87CEF8EA-CCD3-423D-A892-B745C4EA35C9}.Release|x86.Build.0 = Release|x86
		{D544DC0F-0C88-4F57-B17E-2712BB261A4C}.Debug|x86.ActiveCfg = Debug|x86
		{D544DC0F-0C88-4F57-B17E-2712BB261A4C}.Debug|x86.Build.0 = Debug|x86
		{D544DC0F-0C88-4F57-B17E-2712BB261A4C}.Release|x86.ActiveCfg = Release|x86
		{D544DC0F-0C88-4F57-B17E-2712BB261A4C}.Release|x86.Build.0 = Release|x86
		{BDBF9F19-9CC9-413E-94D1-59BC90CF9676}.Debug|x86.ActiveCfg = Debug|x86
		{BDBF9F19-9CC9-413E-94D1-59BC90CF9676}.Debug|x86.Build.0 = Debug|x86
		{BDBF9F19-9CC9-413E-94D1-59BC90CF9676}.Release|x86.ActiveCfg = Release|x86
		{BDBF9F19-9CC9-413E-94D1-59BC90CF9676}.Release|x86.Build.0 = Release|x86
		{9C2F1219-4A47-45F5-AFE9-8512897C8D77}.Debug|x86.ActiveCfg = Debug|x86
		{9C2F1219-4A47-45F5-AFE9-8512897C8D77}.Debug|x86.Build.0 = Debug|x86
		{9C2F1219-4A47-45F5-AFE9-8512897C8D77}.Release|x86.ActiveCfg = Release|x86
		{9C2F1219-4A47-45F5-AFE9-8512897C8D77}.Release|x86.Build.0 = Release|x86
		{B1CA732A-0F3E-4B52-B7B3-1DD176593DBF}.Debug|x86.ActiveCfg = Debug|x86
		{B1CA732A-0F3E-4B52-B7B3-1DD176593DBF}.Debug|x86.Build.0 = Debug|x86
		{B1CA732A-0F3E-4B52-B7B3-1DD176593DBF}.Release|x86.ActiveCfg = Release|x86
		{B1CA732A-0F3E-4B52-B7B3-1DD176593DBF}.Release|x86.Build.0 = Release|x86
		{EAFFF991-72C1-4A02-9F4D-B1F1CDD12B86}.Debug|x86.ActiveCfg = Debug|x86
		{EAFFF991-72C1-4A02-9F4D-B1F1CDD12B86}.Debug|x86.Build.0 = Debug|x86
		{EAFFF991-72C1-4A02-9F4D-B1F1CDD12B86}.Release|x86.ActiveCfg = Release|x86
		{EAFFF991-72C1-4A02-9F4D-B1F1CDD12B86}.Release|x86.Build.0 = Release|x86
		{A4B65D3F-41FC-4292-98AB-CB3181AE60E8}.Debug|x86.ActiveCfg = Debug|x86
		{A4B65D3F-41FC-4292-98AB-CB3181AE60E8}.Debug|x86.Build.0 = Debug|x86
		{A4B65D3F-41FC-4292-98AB-CB3181AE60E8}.Release|x86.ActiveCfg = Release|x86
		{A4B65D3F-41FC-4292-98AB-CB3181AE60E8}.Release|x86.Build.0 = Release|x86
		{39E784EE-9DCC-4E86-8104-58D996CD10B7}.Debug|x86.ActiveCfg = Debug|x86
		{39E784EE-9DCC-4E86-8104-58D996CD10B7}.Debug|x86.Build.0 = Debug|x86
		{39E784EE-9DCC-4E86-8104-58D996CD10B7}.Release|x86.ActiveCfg = Release|x86
		{39E784EE-9DCC-4E86-8104-58D996CD10B7}.Release|x86.Build.0 = Release|x86
		{E16D80BF-22B6-4042-AE4B-EB91F69D3721}.Debug|x86.ActiveCfg = Debug|x86
		{E16D80BF-22B6-4042-AE4B-EB91F69D3721}.Debug|x86.Build.0 = Debug|x86
		{E16D80BF-22B6-4042-AE4B-EB91F69D3721}.Release|x86.ActiveCfg = Release|x86
		{E16D80BF-22B6-4042-AE4B-EB91F69D3721}.Release|x86.Build.0 = Release|x86
		{677C45F7-8EFD-47CA-9428-24E7B44B6332}.Debug|x86.ActiveCfg = Debug|x86
		{677C45F7-8EFD-47CA-9428-24E7B44B6332}.Debug|x86.Build.0 = Debug|x86
		{677C45F7-8EFD-47CA-9428-24E7B44B6332}.Release|x86.ActiveCfg = Release|x86
		{677C45F7-8EFD-47CA-9428-24E7B44B6332}.Release|x86.Build.0 = Release|x86
		{BCCC3802-5EA0-4ECB-A872-CD3B6635DB53}.Debug|x86.ActiveCfg = Debug|x86
		{BCCC3802-5EA0-4ECB-A872-CD3B6635DB53}.Debug|x86.Build.0 = Debug|x86
		{BCCC3802-5EA0-4ECB-A872-CD3B6635DB53}.Release|x86.ActiveCfg = Release|x86
		{BCCC3802-5EA0-4ECB-A872-CD3B6635DB53}.Release|x86.Build.0 = Release|x86
		{11AB6334-8D75-4650-B20F-39DD5FE1A15A}.Debug|x86.ActiveCfg = Debug|x86
		{11AB6334-8D75-4650-B20F-39DD5FE1A15A}.Debug|x86.Build.0 = Debug|x86
		{11AB6334-8D75-4650-B20F-39DD5FE1A15A}.Release|x86.ActiveCfg = Release|x86
		{11AB6334-8D75-4650-B20F-39DD5FE1A15A}.Release|x86.Build.0 = Release|x86
		{282A43E3-BB9E-4BD9-98C1-4862E4023E85}.Debug|x86.ActiveCfg = Debug|x86
		{282A43E3-BB9E-4BD9-98C1-4862E4023E85}.Debug|x86.Build.0 = Debug|x86
		{282A43E3-BB9E-4BD9-98C1-4862E4023E85}.Release|x86.ActiveCfg = Release|x86
		{282A43E3-BB9E-4BD9-98C1-4862E4023E85}.Release|x86.Build.0 = Release|x86
		{DA99FE98-7B3E-431C-A6B6-903B73C6E6C2}.Debug|x86.ActiveCfg = Debug|x86
		{DA99FE98-7B3E-431C-A6B6-903B73C6E6C2}.Debug|x86.Build.0 = Debug|x86
		{DA99FE98-7B3E-431C-A6B6-903B73C6E6C2}.Release|x86.ActiveCfg = Release|x86
		{DA99FE98-7B3E-431C-A6B6-903B73C6E6C2}.Release|x86.Build.0 = Release|x86
		{520506C5-BCB7-455D-BB42-EEBC6501CDD1}.Debug|x86.ActiveCfg = Debug|x86
		{520506C5-BCB7-455D-BB42-EEBC6501CDD1}.Debug|x86.Build.0 = Debug|x86
		{520506C5-BCB7-455D-BB42-EEBC6501CDD1}.Release|x86.ActiveCfg = Release|x86
		{520506C5-BCB7-455D-BB42-EEBC6501CDD1}.Release|x86.Build.0 = Release|x86
		{8F35B146-E0B1-4391-A040-41F4C69E152E}.Debug|x86.ActiveCfg = Debug|x86
		{8F35B146-E0B1-4391-A040-41F4C69E152E}.Debug|x86.Build.0 = Debug|x86
		{8F35B146-E0B1-4391-A040-41F4C69E152E}.Release|x86.ActiveCfg = Release|x86
		{8F35B146-E0B1-4391-A040-41F4C69E152E}.Release|x86.Build.0 = Release|x86
		{B6B7C091-F877-4833-83C9-E44AF395562E}.Debug|x86.ActiveCfg = Debug|x86
		{B6B7C091-F877-4833-83C9-E44AF395562E}.Debug|x86.Build.0 = Debug|x86
		{B6B7C091-F877-4833-83C9-E44AF395562E}.Release|x86.ActiveCfg = Release|x86
		{B6B7C091-F877-4833-83C9-E44AF395562E}.Release|x86.Build.0 = Release|x86
		{02301A2A-99B3-4BCA-8787-299ECD367FFE}.Debug|x86.ActiveCfg = Debug|x86
		{02301A2A-99B3-4BCA-8787-299ECD367FFE}.Debug|x86.Build.0 = Debug|x86
		{02301A2A-99B3-4BCA-8787-299ECD367FFE}.Release|x86.ActiveCfg = Release|x86
		{02301A2A-99B3-4BCA-8787-299ECD367FFE}.Release|x86.Build.0 = Release|x86
		{8486BF15-5E05-4BB1-A416-01E1928513A3}.Debug|x86.ActiveCfg = Debug|x86
		{8486BF15-5E05-4BB1-A416-01E1928513A3}.Debug|x86.Build.0 = Debug|x86
		{8486BF15-5E05-4BB1-A416-01E1928513A3}.Release|x86.ActiveCfg = Release|x86
		{8486BF15-5E05-4BB1-A416-01E1928513A3}.Release|x86.Build.0 = Release|x86
		{0920F118-1D90-4B0A-98D2-D11A2AE4DBA4}.Debug|x86.ActiveCfg = Debug|x86
		{0920F118-1D90-4B0A-98D2-D11A2AE4DBA4}.Debug|x86.Build.0 = Debug|x86
		{0920F118-1D90-4B0A-98D2-D11A2AE4DBA4}.Release|x86.ActiveCfg = Release|x86
		{0920F118-1D90-4B0A-98D2-D11A2AE4DBA4}.Release|x86.Build.0 = Release|x86
		{5F37459D-283A-4344-B0F3-AD501DD3885E}.Debug|x86.ActiveCfg = Debug|x86
		{5F37459D-283A-4344-B0F3-AD501DD3885E}.Debug|x86.Build.0 = Debug|x86
		{5F37459D-283A-4344-B0F3-AD501DD3885E}.Release|x86.ActiveCfg = Release|x86
		{5F37459D-283A-4344-B0F3-AD501DD3885E}.Release|x86.Build.0 = Release|x86
		{DA519221-2BC0-4AE8-82AF-99023076B4A9}.Debug|x86.ActiveCfg = Debug|x86
		{DA519221-2BC0-4AE8-82AF-99023076B4A9}.Debug|x86.Build.0 = Debug|x86
		{DA519221-2BC0-4AE8-82AF-99023076B4A9}.Release|x86.ActiveCfg = Release|x86
		{DA519221-2BC0-4AE8-82AF-99023076B4A9}.Release|x86.Build.0 = Release|x86
		{BEEEC541-BAF9-4F66-A8E3-46F853C13B05}.Debug|x86.ActiveCfg = Debug|x86
		{BEEEC541-BAF9-4F66-A8E3-46F853C13B05}.Debug|x86.Build.0 = Debug|x86
		{BEEEC541-BAF9-4F66-A8E3-46F853C13B05}.Release|x86.ActiveCfg = Release|x86
		{BEEEC541-BAF9-4F66-A8E3-46F853C13B05}.Release|x86.Build.0 = Release|x86
		{4E4A5B67-30B6-4BAC-98F7-2074BE137547}.Debug|x86.ActiveCfg = Debug|x86
		{4E4A5B67-30B6-4BAC-98F7-2074BE137547}.Debug|x86.Build.0 = Debug|x86
		{4E4A5B67-30B6-4BAC-98F7-2074BE137547}.Release|x86.ActiveCfg = Release|x86
		{4E4A5B67-30B6-4BAC-98F7-2074BE137547}.Release|x86.Build.0 = Release|x86
		{F010A5ED-7425-450C-9541-3C0A84291649}.Debug|x86.ActiveCfg = Debug|x86
		{F010A5ED-7425-450C-9541-3C0A84291649}.Debug|x86.Build.0 = Debug|x86
		{F010A5ED-7425-450C-9541-3C0A84291649}.Release|x86.ActiveCfg = Release|x86
		{F010A5ED-7425-450C-9541-3C0A84291649}.Release|x86.Build.0 = Release|x86
		{6D951440-841B-43FF-B4B8-564EC1FE426F}.Debug|x86.ActiveCfg = Debug|x86
		{6D951440-841B-43FF-B4B8-564EC1FE426F}.Debug|x86.Build.0 = Debug|x86
		{6D951440-841B-43FF-B4B8-564EC1FE426F}.Release|x86.ActiveCfg = Release|x86
		{6D951440-841B-43FF-B4B8-564EC1FE426F}.Release|x86.Build.0 = Release|x86
		{8E034DA6-825E-479E-A007-5F505D4120E5}.Debug|x86.ActiveCfg = Debug|x86
		{8E034DA6-825E-479E-A007-5F505D4120E5}.Debug|x86.Build.0 = Debug|x86
		{8E034DA6-825E-479E-A007-5F505D4120E5}.Release|x86.ActiveCfg = Release|x86
		{8E034DA6-825E-479E-A007-5F505D4120E5}.Release|x86.Build.0 = Release|x86
		{FAB4ADD3-C282-4EBE-A868-AC4AE4EEACC6}.Debug|x86.ActiveCfg = Debug|x86
		{FAB4ADD3-C282-4EBE-A868-AC4AE4EEACC6}.Debug|x86.Build.0 = Debug|x86
		{FAB4ADD3-C282-4EBE-A868-AC4AE4EEACC6}.Release|x86.ActiveCfg = Release|x86
		{FAB4ADD3-C282-4EBE-A868-AC4AE4EEACC6}.Release|x86.Build.0 = Release|x86
		{D288794C-A9D8-4A06-BEB3-7374BA539E4B}.Debug|x86.ActiveCfg = Debug|x86
		{D288794C-A9D8-4A06-BEB3-7374BA539E4B}.Debug|x86.Build.0 = Debug|x86
		{D288794C-A9D8-4A06-BEB3-7374BA539E4B}.Release|x86.ActiveCfg = Release|x86
		{D288794C-A9D8-4A06-BEB3-7374BA539E4B}.Release|x86.Build.0 = Release|x86
		{95A5E7BE-A51F-458B-B9BC-728D3D89094B}.Debug|x86.ActiveCfg = Debug|x86
		{95A5E7BE-A51F-458B-B9BC-728D3D89094B}.Debug|x86.Build.0 = Debug|x86
		{95A5E7BE-A51F-458B-B9BC-728D3D89094B}.Release|x86.ActiveCfg = Release|x86
		{95A5E7BE-A51F-458B-B9BC-728D3D89094B}.Release|x86.Build.0 = Release|x86
		{7CF44053-27A1-47B8-B240-18AD5E51254E}.Debug|x86.ActiveCfg = Debug|x86
		{7CF44053-27A1-47B8-B240-18AD5E51254E}.Debug|x86.Build.0 = Debug|x86
		{7CF44053-27A1-47B8-B240-18AD5E51254E}.Release|x86.ActiveCfg = Release|x86
		{7CF44053-27A1-47B8-B240-18AD5E51254E}.Release|x86.Build.0 = Release|x86
		{FB9AAC78-8910-458E-9B2E-C202C8AD4E10}.Debug|x86.ActiveCfg = Debug|x86
		{FB9AAC78-8910-458E-9B2E-C202C8AD4E10}.Debug|x86.Build.0 = Debug|x86
		{FB9AAC78-8910-458E-9B2E-C202C8AD4E10}.Release|x86.ActiveCfg = Release|x86
		{FB9AAC78-8910-458E-9B2E-C202C8AD4E10}.Release|x86.Build.0 = Release|x86
		{B4AE34DB-0396-44D1-BB2B-20312101DBBE}.Debug|x86.ActiveCfg = Debug|x86
		{B4AE34DB-0396-44D1-BB2B-20312101DBBE}.Debug|x86.Build.0 = Debug|x86
		{B4AE34DB-0396-44D1-BB2B-20312101DBBE}.Release|x86.ActiveCfg = Release|x86
		{B4AE34DB-0396-44D1-BB2B-20312101DBBE}.Release|x86.Build.0 = Release|x86
		{1BE2E005-D4A0-4FF8-88F4-3E97E6979108}.Debug|x86.ActiveCfg = Debug|x86
		{1BE2E005-D4A0-4FF8-88F4-3E97E6979108}.Debug|x86.Build.0 = Debug|x86
		{1BE2E005-D4A0-4FF8-88F4-3E97E6979108}.Release|x86.ActiveCfg = Release|x86
		{1BE2E005-D4A0-4FF8-88F4-3E97E6979108}.Release|x86.Build.0 = Release|x86
		{B40CFCD4-3B1F-4698-BF71-FDF0F0BACE3A}.Debug|x86.ActiveCfg = Debug|x86
		{B40CFCD4-3B1F-4698-BF71-FDF0F0BACE3A}.Debug|x86.Build.0 = Debug|x86
		{B40CFCD4-3B1F-4698-BF71-FDF0F0BACE3A}.Release|x86.ActiveCfg = Release|x86
		{B40CFCD4-3B1F-4698-BF71-FDF0F0BACE3A}.Release|x86.Build.0 = Release|x86
		{6921ED07-1FED-48F7-89B5-10D91770791F}.Debug|x86.ActiveCfg = Debug|x86
		{6921ED07-1FED-48F7-89B5-10D91770791F}.Debug|x86.Build.0 = Debug|x86
		{6921ED07-1FED-48F7-89B5-10D91770791F}.Release|x86.ActiveCfg = Release|x86
		{6921ED07-1FED-48F7-89B5-10D91770791F}.Release|x86.Build.0 = Release|x86
		{2FB95BBC-FC2D-4CC9-AEA2-32E8DD64E210}.Debug|x86.ActiveCfg = Debug|x86
		{2FB95BBC-FC2D-4CC9-AEA2-32E8DD64E210}.Debug|x86.Build.0 = Debug|x86
		{2FB95BBC-FC2D-4CC9-AEA2-32E8DD64E210}.Release|x86.ActiveCfg = Release|x86
		{2FB95BBC-FC2D-4CC9-AEA2-32E8DD64E210}.Release|x86.Build.0 = Release|x86
		{CE7E0091-4443-4836-9908-B9085E57F000}.Debug|x86.ActiveCfg = Debug|x86
		{CE7E0091-4443-4836-9908-B9085E57F000}.Debug|x86.Build.0 = Debug|x86
		{CE7E0091-4443-4836-9908-B9085E57F000}.Release|x86.ActiveCfg = Release|x86
		{CE7E0091-4443-4836-9908-B9085E57F000}.Release|x86.Build.0 = Release|x86
		{4681DE8D-1DC9-4EEB-98C9-4FBDD9AA8335}.Debug|x86.ActiveCfg = Debug|x86
		{4681DE8D-1DC9-4EEB-98C9-4FBDD9AA8335}.Debug|x86.Build.0 = Debug|x86
		{4681DE8D-1DC9-4EEB-98C9-4FBDD9AA8335}.Release|x86.ActiveCfg = Release|x86
		{4681DE8D-1DC9-4EEB-98C9-4FBDD9AA8335}.Release|x86.Build.0 = Release|x86
		{41C43D07-6A78-40BC-923F-9F84BA311F6B}.Debug|x86.ActiveCfg = Debug|x86
		{41C43D07-6A78-40BC-923F-9F84BA311F6B}.Debug|x86.Build.0 = Debug|x86
		{41C43D07-6A78-40BC-923F-9F84BA311F6B}.Release|x86.ActiveCfg = Release|x86
		{41C43D07-6A78-40BC-923F-9F84BA311F6B}.Release|x86.Build.0 = Release|x86
		{79E50228-EB2E-4263-A15B-F5379064CFB3}.Debug|x86.ActiveCfg = Debug|x86
		{79E50228-EB2E-4263-A15B-F5379064CFB3}.Debug|x86.Build.0 = Debug|x86
		{79E50228-EB2E-4263-A15B-F5379064CFB3}.Release|x86.ActiveCfg = Release|x86
		{79E50228-EB2E-4263-A15B-F5379064CFB3}.Release|x86.Build.0 = Release|x86
		{8C09645F-3776-4727-A2F4-45C15B2671F0}.Debug|x86.ActiveCfg = Debug|x86
		{8C09645F-3776-4727-A2F4-45C15B2671F0}.Debug|x86.Build.0 = Debug|x86
		{8C09645F-3776-4727-A2F4-45C15B2671F0}.Release|x86.ActiveCfg = Release|x86
		{8C09645F-3776-4727-A2F4-45C15B2671F0}.Release|x86.Build.0 = Release|x86
		{C2B11311-F122-41CD-BCA7-CD05FBDB3819}.Debug|x86.ActiveCfg = Debug|x86
		{C2B11311-F122-41CD-BCA7-CD05FBDB3819}.Debug|x86.Build.0 = Debug|x86
		{C2B11311-F122-41CD-BCA7-CD05FBDB3819}.Release|x86.ActiveCfg = Release|x86
		{C2B11311-F122-41CD-BCA7-CD05FBDB3819}.Release|x86.Build.0 = Release|x86
		{5A25AB69-3134-4EA0-864E-55B49B621067}.Debug|x86.ActiveCfg = Debug|x86
		{5A25AB69-3134-4EA0-864E-55B49B621067}.Debug|x86.Build.0 = Debug|x86
		{5A25AB69-3134-4EA0-864E-55B49B621067}.Release|x86.ActiveCfg = Release|x86
		{5A25AB69-3134-4EA0-864E-55B49B621067}.Release|x86.Build.0 = Release|x86
		{5C057A17-8D49-49F3-8B7E-A626A63E2032}.Debug|x86.ActiveCfg = Debug|x86
		{5C057A17-8D49-49F3-8B7E-A626A63E2032}.Debug|x86.Build.0 = Debug|x86
		{5C057A17-8D49-49F3-8B7E-A626A63E2032}.Release|x86.ActiveCfg = Release|x86
		{5C057A17-8D49-49F3-8B7E-A626A63E2032}.Release|x86.Build.0 = Release|x86
		{3D0E7BB2-1189-49DF-BE9F-F816EA13E119}.Debug|x86.ActiveCfg = Debug|x86
		{3D0E7BB2-1189-49DF-BE9F-F816EA13E119}.Debug|x86.Build.0 = Debug|x86
		{3D0E7BB2-1189-49DF-BE9F-F816EA13E119}.Release|x86.ActiveCfg = Release|x86
		{3D0E7BB2-1189-49DF-BE9F-F816EA13E119}.Release|x86.Build.0 = Release|x86
		{5684BD81-2F71-475F-AAAC-75B073D791EC}.Debug|x86.ActiveCfg = Debug|x86
		{5684BD81-2F71-475F-AAAC-75B073D791EC}.Debug|x86.Build.0 = Debug|x86
		{5684BD81-2F71-475F-AAAC-75B073D791EC}.Release|x86.ActiveCfg = Release|x86
		{5684BD81-2F71-475F-AAAC-75B073D791EC}.Release|x86.Build.0 = Release|x86
		{82AC642E-836E-48F3-BED4-7A968CD1C26A}.Debug|x86.ActiveCfg = Debug|x86
		{82AC642E-836E-48F3-BED4-7A968CD1C26A}.Debug|x86.Build.0 = Debug|x86
		{82AC642E-836E-48F3-BED4-7A968CD1C26A}.Release|x86.ActiveCfg = Release|x86
		{82AC642E-836E-48F3-BED4-7A968CD1C26A}.Release|x86.Build.0 = Release|x86
		{D34828E1-412C-48E7-9621-F2A12648C2E9}.Debug|x86.ActiveCfg = Debug|x86
		{D34828E1-412C-48E7-9621-F2A12648C2E9}.Debug|x86.Build.0 = Debug|x86
		{D34828E1-412C-48E7-9621-F2A12648C2E9}.Release|x86.ActiveCfg = Release|x86
		{D34828E1-412C-48E7-9621-F2A12648C2E9}.Release|x86.Build.0 = Release|x86
		{BCBB55B0-8858-4770-A8D1-B7163C77E317}.Debug|x86.ActiveCfg = Debug|x86
		{BCBB55B0-8858-4770-A8D1-B7163C77E317}.Debug|x86.Build.0 = Debug|x86
		{BCBB55B0-8858-4770-A8D1-B7163C77E317}.Release|x86.ActiveCfg = Release|x86
		{BCBB55B0-8858-4770-A8D1-B7163C77E317}.Release|x86.Build.0 = Release|x86
		{9E416337-5C56-4736-AFF6-4CC871F4936C}.Debug|x86.ActiveCfg = Debug|x86
		{9E416337-5C56-4736-AFF6-4CC871F4936C}.Debug|x86.Build.0 = Debug|x86
		{9E416337-5C56-4736-AFF6-4CC871F4936C}.Release|x86.ActiveCfg = Release|x86
		{9E416337-5C56-4736-AFF6-4CC871F4936C}.Release|x86.Build.0 = Release|x86
		{3D4F0664-3BF1-4BEF-80F9-78DC748AFFF5}.Debug|x86.ActiveCfg = Debug|x86
		{3D4F0664-3BF1-4BEF-80F9-78DC748AFFF5}.Debug|x86.Build.0 = Debug|x86
		{3D4F0664-3BF1-4BEF-80F9-78DC748AFFF5}.Release|x86.ActiveCfg = Release|x86
		{3D4F0664-3BF1-4BEF-80F9-78DC748AFFF5}.Release|x86.Build.0 = Release|x86
		{B2E8738D-328C-4E73-953A-B64C908781CB}.Debug|x86.ActiveCfg = Debug|x86
		{B2E8738D-328C-4E73-953A-B64C908781CB}.Debug|x86.Build.0 = Debug|x86
		{B2E8738D-328C-4E73-953A-B64C908781CB}.Release|x86.ActiveCfg = Release|x86
		{B2E8738D-328C-4E73-953A-B64C908781CB}.Release|x86.Build.0 = Release|x86
		{79EA1A80-E1C0-42D6-8AC8-173986EDC4A7}.Debug|x86.ActiveCfg = Debug|x86
		{79EA1A80-E1C0-42D6-8AC8-173986EDC4A7}.Debug|x86.Build.0 = Debug|x86
		{79EA1A80-E1C0-42D6-8AC8-173986EDC4A7}.Release|x86.ActiveCfg = Release|x86
		{79EA1A80-E1C0-42D6-8AC8-173986EDC4A7}.Release|x86.Build.0 = Release|x86
		{67FDD6FA-D35B-446B-96D3-AC73934A70D0}.Debug|x86.ActiveCfg = Debug|x86
		{67FDD6FA-D35B-446B-96D3-AC73934A70D0}.Debug|x86.Build.0 = Debug|x86
		{67FDD6FA-D35B-446B-96D3-AC73934A70D0}.Release|x86.ActiveCfg = Release|x86
		{67FDD6FA-D35B-446B-96D3-AC73934A70D0}.Release|x86.Build.0 = Release|x86
		{72F2CC5A-40B9-46A6-9466-428CE564D558}.Debug|x86.ActiveCfg = Debug|x86
		{72F2CC5A-40B9-46A6-9466-428CE564D558}.Debug|x86.Build.0 = Debug|x86
		{72F2CC5A-40B9-46A6-9466-428CE564D558}.Release|x86.ActiveCfg = Release|x86
		{72F2CC5A-40B9-46A6-9466-428CE564D558}.Release|x86.Build.0 = Release|x86
		{783D95FF-A9FB-4193-AC41-27C8C11FC587}.Debug|x86.ActiveCfg = Debug|x86
		{783D95FF-A9FB-4193-AC41-27C8C11FC587}.Debug|x86.Build.0 = Debug|x86
		{783D95FF-A9FB-4193-AC41-27C8C11FC587}.Release|x86.ActiveCfg = Release|x86
		{783D95FF-A9FB-4193-AC41-27C8C11FC587}.Release|x86.Build.0 = Release|x86
		{6ADDC3EA-C4A9-4890-B3FC-1B29DAB40AEF}.Debug|x86.ActiveCfg = Debug|x86
		{6ADDC3EA-C4A9-4890-B3FC-1B29DAB40AEF}.Debug|x86.Build.0 = Debug|x86
		{6ADDC3EA-C4A9-4890-B3FC-1B29DAB40AEF}.Release|x86.ActiveCfg = Release|x86
		{6ADDC3EA-C4A9-4890-B3FC-1B29DAB40AEF}.Release|x86.Build.0 = Release|x86
		{A9EFBC63-C7DA-49BF-AB4F-F6C23DC1E40B}.Debug|x86.ActiveCfg = Debug|x86
		{A9EFBC63-C7DA-49BF-AB4F-F6C23DC1E40B}.Debug|x86.Build.0 = Debug|x86
		{A9EFBC63-C7DA-49BF-AB4F-F6C23DC1E40B}.Release|x86.ActiveCfg = Release|x86
		{A9EFBC63-C7DA-49BF-AB4F-F6C23DC1E40B}.Release|x86.Build.0 = Release|x86
		{D3F9C086-7DD3-48FA-B424-DAFD486CC6FD}.Debug|x86.ActiveCfg = Debug|x86
		{D3F9C086-7DD3-48FA-B424-DAFD486CC6FD}.Debug|x86.Build.0 = Debug|x86
		{D3F9C086-7DD3-48FA-B424-DAFD486CC6FD}.Release|x86.ActiveCfg = Release|x86
		{D3F9C086-7DD3-48FA-B424-DAFD486CC6FD}.Release|x86.Build.0 = Release|x86
		{2547ACAF-74D3-4EA7-86C9-901F236A243B}.Debug|x86.ActiveCfg = Debug|x86
		{2547ACAF-74D3-4EA7-86C9-901F236A243B}.Debug|x86.Build.0 = Debug|x86
		{2547ACAF-74D3-4EA7-86C9-901F236A243B}.Release|x86.ActiveCfg = Release|x86
		{2547ACAF-74D3-4EA7-86C9-901F236A243B}.Release|x86.Build.0 = Release|x86
		{78C00D2A-72A1-446D-B3E2-21CCF15AF87E}.Debug|x86.ActiveCfg = Debug|x86
		{78C00D2A-72A1-446D-B3E2-21CCF15AF87E}.Debug|x86.Build.0 = Debug|x86
		{78C00D2A-72A1-446D-B3E2-21CCF15AF87E}.Release|x86.ActiveCfg = Release|x86
		{78C00D2A-72A1-446D-B3E2-21CCF15AF87E}.Release|x86.Build.0 = Release|x86
		{1A6AE0FA-3671-467C-A9DA-0587B408DB57}.Debug|x86.ActiveCfg = Debug|x86
		{1A6AE0FA-3671-467C-A9DA-0587B408DB57}.Debug|x86.Build.0 = Debug|x86
		{1A6AE0FA-3671-467C-A9DA-0587B408DB57}.Release|x86.ActiveCfg = Release|x86
		{1A6AE0FA-3671-467C-A9DA-0587B408DB57}.Release|x86.Build.0 = Release|x86
		{2EF4B8F4-A870-483E-814C-BB5CF6082431}.Debug|x86.ActiveCfg = Debug|x86
		{2EF4B8F4-A870-483E-814C-BB5CF6082431}.Debug|x86.Build.0 = Debug|x86
		{2EF4B8F4-A870-483E-814C-BB5CF6082431}.Release|x86.ActiveCfg = Release|x86
		{2EF4B8F4-A870-483E-814C-BB5CF6082431}.Release|x86.Build.0 = Release|x86
		{2CF83A6B-4DB3-4222-B447-55B23DE18145}.Debug|x86.ActiveCfg = Debug|x86
		{2CF83A6B-4DB3-4222-B447-55B23DE18145}.Debug|x86.Build.0 = Debug|x86
		{2CF83A6B-4DB3-4222-B447-55B23DE18145}.Release|x86.ActiveCfg = Release|x86
		{2CF83A6B-4DB3-4222-B447-55B23DE18145}.Release|x86.Build.0 = Release|x86
		{E7100C71-262D-43E7-988D-906853007294}.Debug|x86.ActiveCfg = Debug|x86
		{E7100C71-262D-43E7-988D-906853007294}.Debug|x86.Build.0 = Debug|x86
		{E7100C71-262D-43E7-988D-906853007294}.Release|x86.ActiveCfg = Release|x86
		{E7100C71-262D-43E7-988D-906853007294}.Release|x86.Build.0 = Release|x86
		{B044A221-8491-4F09-8A19-F10DACA6DF5D}.Debug|x86.ActiveCfg = Debug|x86
		{B044A221-8491-4F09-8A19-F10DACA6DF5D}.Debug|x86.Build.0 = Debug|x86
		{B044A221-8491-4F09-8A19-F10DACA6DF5D}.Release|x86.ActiveCfg = Release|x86
		{B044A221-8491-4F09-8A19-F10DACA6DF5D}.Release|x86.Build.0 = Release|x86
		{192F687B-68B3-4040-8E03-6A58681F7D0F}.Debug|x86.ActiveCfg = Debug|x86
		{192F687B-68B3-4040-8E03-6A58681F7D0F}.Debug|x86.Build.0 = Debug|x86
		{192F687B-68B3-4040-8E03-6A58681F7D0F}.Release|x86.ActiveCfg = Release|x86
		{192F687B-68B3-4040-8E03-6A58681F7D0F}.Release|x86.Build.0 = Release|x86
		{BE250DE0-C49F-4E8E-B573-C0425431336A}.Debug|x86.ActiveCfg = Debug|x86
		{BE250DE0-C49F-4E8E-B573-C0425431336A}.Debug|x86.Build.0 = Debug|x86
		{BE250DE0-C49F-4E8E-B573-C0425431336A}.Release|x86.ActiveCfg = Release|x86
		{BE250DE0-C49F-4E8E-B573-C0425431336A}.Release|x86.Build.0 = Release|x86
		{9A9022E3-EC46-4DDB-A6B0-96C077E3520A}.Debug|x86.ActiveCfg = Debug|x86
		{9A9022E3-EC46-4DDB-A6B0-96C077E3520A}.Debug|x86.Build.0 = Debug|x86
		{9A9022E3-EC46-4DDB-A6B0-96C077E3520A}.Release|x86.ActiveCfg = Release|x86
		{9A9022E3-EC46-4DDB-A6B0-96C077E3520A}.Release|x86.Build.0 = Release|x86
		{A571D90C-B4F3-4F00-B702-EF83623D953E}.Debug|x86.ActiveCfg = Debug|x86
		{A571D90C-B4F3-4F00-B702-EF83623D953E}.Debug|x86.Build.0 = Debug|x86
		{A571D90C-B4F3-4F00-B702-EF83623D953E}.Release|x86.ActiveCfg = Release|x86
		{A571D90C-B4F3-4F00-B702-EF83623D953E}.Release|x86.Build.0 = Release|x86
		{411015C5-5344-4911-9088-31783977AD89}.Debug|x86.ActiveCfg = Debug|x86
		{411015C5-5344-4911-9088-31783977AD89}.Debug|x86.Build.0 = Debug|x86
		{411015C5-5344-4911-9088-31783977AD89}.Release|x86.ActiveCfg = Release|x86
		{411015C5-5344-4911-9088-31783977AD89}.Release|x86.Build.0 = Release|x86
		{D31AA2D5-6214-4FC6-B552-6931C4FBA707}.Debug|x86.ActiveCfg = Debug|x86
		{D31AA2D5-6214-4FC6-B552-6931C4FBA707}.Debug|x86.Build.0 = Debug|x86
		{D31AA2D5-6214-4FC6-B552-6931C4FBA707}.Release|x86.ActiveCfg = Release|x86
		{D31AA2D5-6214-4FC6-B552-6931C4FBA707}.Release|x86.Build.0 = Release|x86
		{615B5010-08B0-4701-BD11-91F954EF42D6}.Debug|x86.ActiveCfg = Debug|x86
		{615B5010-08B0-4701-BD11-91F954EF42D6}.Debug|x86.Build.0 = Debug|x86
		{615B5010-08B0-4701-BD11-91F954EF42D6}.Release|x86.ActiveCfg = Release|x86
		{615B5010-08B0-4701-BD11-91F954EF42D6}.Release|x86.Build.0 = Release|x86
		{C6989B14-EB42-4627-929F-F2ADFE5E722B}.Debug|x86.ActiveCfg = Debug|x86
		{C6989B14-EB42-4627-929F-F2ADFE5E722B}.Debug|x86.Build.0 = Debug|x86
		{C6989B14-EB42-4627-929F-F2ADFE5E722B}.Release|x86.ActiveCfg = Release|x86
		{C6989B14-EB42-4627-929F-F2ADFE5E722B}.Release|x86.Build.0 = Release|x86
		{1B7BF82D-683D-4379-B0F4-2EBEF7BF3E8C}.Debug|x86.ActiveCfg = Debug|x86
		{1B7BF82D-683D-4379-B0F4-2EBEF7BF3E8C}.Debug|x86.Build.0 = Debug|x86
		{1B7BF82D-683D-4379-B0F4-2EBEF7BF3E8C}.Release|x86.ActiveCfg = Release|x86
		{1B7BF82D-683D-4379-B0F4-2EBEF7BF3E8C}.Release|x86.Build.0 = Release|x86
		{8B4C50FF-E896-4FC8-94A9-9BCDB40B737E}.Debug|x86.ActiveCfg = Debug|x86
		{8B4C50FF-E896-4FC8-94A9-9BCDB40B737E}.Debug|x86.Build.0 = Debug|x86
		{8B4C50FF-E896-4FC8-94A9-9BCDB40B737E}.Release|x86.ActiveCfg = Release|x86
		{8B4C50FF-E896-4FC8-94A9-9BCDB40B737E}.Release|x86.Build.0 = Release|x86
		{55048F59-6A9B-4DED-A044-300094D3E9B4}.Debug|x86.ActiveCfg = Debug|x86
		{55048F59-6A9B-4DED-A044-300094D3E9B4}.Debug|x86.Build.0 = Debug|x86
		{55048F59-6A9B-4DED-A044-300094D3E9B4}.Release|x86.ActiveCfg = Release|x86
		{55048F59-6A9B-4DED-A044-300094D3E9B4}.Release|x86.Build.0 = Release|x86
		{91A1CABF-7AE0-42F0-9F53-1E63B52BC0EC}.Debug|x86.ActiveCfg = Debug|x86
		{91A1CABF-7AE0-42F0-9F53-1E63B52BC0EC}.Debug|x86.Build.0 = Debug|x86
		{91A1CABF-7AE0-42F0-9F53-1E63B52BC0EC}.Release|x86.ActiveCfg = Release|x86
		{91A1CABF-7AE0-42F0-9F53-1E63B52BC0EC}.Release|x86.Build.0 = Release|x86
		{FEA611E8-4B8C-4B2D-BADB-1B5C98D8578A}.Debug|x86.ActiveCfg = Debug|x86
		{FEA611E8-4B8C-4B2D-BADB-1B5C98D8578A}.Debug|x86.Build.0 = Debug|x86
		{FEA611E8-4B8C-4B2D-BADB-1B5C98D8578A}.Release|x86.ActiveCfg = Release|x86
		{FEA611E8-4B8C-4B2D-BADB-1B5C98D8578A}.Release|x86.Build.0 = Release|x86
		{AF3FC497-16AD-4344-B6E6-951A6533F325}.Debug|x86.ActiveCfg = Debug|x86
		{AF3FC497-16AD-4344-B6E6-951A6533F325}.Debug|x86.Build.0 = Debug|x86
		{AF3FC497-16AD-4344-B6E6-951A6533F325}.Release|x86.ActiveCfg = Release|x86
		{AF3FC497-16AD-4344-B6E6-951A6533F325}.Release|x86.Build.0 = Release|x86
		{D465EDD5-7816-4B1E-81B0-4DE582E53236}.Debug|x86.ActiveCfg = Debug|x86
		{D465EDD5-7816-4B1E-81B0-4DE582E53236}.Debug|x86.Build.0 = Debug|x86
		{D465EDD5-7816-4B1E-81B0-4DE582E53236}.Release|x86.ActiveCfg = Release|x86
		{D465EDD5-7816-4B1E-81B0-4DE582E53236}.Release|x86.Build.0 = Release|x86
		{76F9210E-7C56-4343-BFBA-5ADA8F7504A4}.Debug|x86.ActiveCfg = Debug|x86
		{76F9210E-7C56-4343-BFBA-5ADA8F7504A4}.Debug|x86.Build.0 = Debug|x86
		{76F9210E-7C56-4343-BFBA-5ADA8F7504A4}.Release|x86.ActiveCfg = Release|x86
		{76F9210E-7C56-4343-BFBA-5ADA8F7504A4}.Release|x86.Build.0 = Release|x86
		{63BDCB81-D3A6-4064-B4A5-7EA4D9E30DAC}.Debug|x86.ActiveCfg = Debug|x86
		{63BDCB81-D3A6-4064-B4A5-7EA4D9E30DAC}.Debug|x86.Build.0 = Debug|x86
		{63BDCB81-D3A6-4064-B4A5-7EA4D9E30DAC}.Release|x86.ActiveCfg = Release|x86
		{63BDCB81-D3A6-4064-B4A5-7EA4D9E30DAC}.Release|x86.Build.0 = Release|x86
		{AAB5653D-112F-49ED-87E2-6C895861788D}.Debug|x86.ActiveCfg = Debug|x86
		{AAB5653D-112F-49ED-87E2-6C895861788D}.Debug|x86.Build.0 = Debug|x86
		{AAB5653D-112F-49ED-87E2-6C895861788D}.Release|x86.ActiveCfg = Release|x86
		{AAB5653D-112F-49ED-87E2-6C895861788D}.Release|x86.Build.0 = Release|x86
		{E5C44BBA-1712-4AEB-ACCE-5E9134FF876D}.Debug|x86.ActiveCfg = Debug|x86
		{E5C44BBA-1712-4AEB-ACCE-5E9134FF876D}.Debug|x86.Build.0 = Debug|x86
		{E5C44BBA-1712-4AEB-ACCE-5E9134FF876D}.Release|x86.ActiveCfg = Release|x86
		{E5C44BBA-1712-4AEB-ACCE-5E9134FF876D}.Release|x86.Build.0 = Release|x86
		{88C1B203-159A-4452-82E6-F8B33DB9FF87}.Debug|x86.ActiveCfg = Debug|x86
		{88C1B203-159A-4452-82E6-F8B33DB9FF87}.Debug|x86.Build.0 = Debug|x86
		{88C1B203-159A-4452-82E6-F8B33DB9FF87}.Release|x86.ActiveCfg = Release|x86
		{88C1B203-159A-4452-82E6-F8B33DB9FF87}.Release|x86.Build.0 = Release|x86
		{641E2FA3-824A-44F9-B9B3-1C66BACD6EDF}.Debug|x86.ActiveCfg = Debug|x86
		{641E2FA3-824A-44F9-B9B3-1C66BACD6EDF}.Debug|x86.Build.0 = Debug|x86
		{641E2FA3-824A-44F9-B9B3-1C66BACD6EDF}.Release|x86.ActiveCfg = Release|x86
		{641E2FA3-824A-44F9-B9B3-1C66BACD6EDF}.Release|x86.Build.0 = Release|x86
		{1D80038A-C217-48E0-B4EE-1579C5E2D022}.Debug|x86.ActiveCfg = Debug|x86
		{1D80038A-C217-48E0-B4EE-1579C5E2D022}.Debug|x86.Build.0 = Debug|x86
		{1D80038A-C217-48E0-B4EE-1579C5E2D022}.Release|x86.ActiveCfg = Release|x86
		{1D80038A-C217-48E0-B4EE-1579C5E2D022}.Release|x86.Build.0 = Release|x86
	EndGlobalSection
	GlobalSection(SolutionProperties) = preSolution
		HideSolutionNode = FALSE
	EndGlobalSection
	GlobalSection(NestedProjects) = preSolution
		{87CEF8EA-CCD3-423D-A892-B745C4EA35C9} = {CAB700B4-C3E5-4589-A2D3-0D18ABEC214A}
		{D544DC0F-0C88-4F57-B17E-2712BB261A4C} = {CAB700B4-C3E5-4589-A2D3-0D18ABEC214A}
		{BDBF9F19-9CC9-413E-94D1-59BC90CF9676} = {CAB700B4-C3E5-4589-A2D3-0D18ABEC214A}
		{9C2F1219-4A47-45F5-AFE9-8512897C8D77} = {CAB700B4-C3E5-4589-A2D3-0D18ABEC214A}
		{B1CA732A-0F3E-4B52-B7B3-1DD176593DBF} = {CAB700B4-C3E5-4589-A2D3-0D18ABEC214A}
		{EAFFF991-72C1-4A02-9F4D-B1F1CDD12B86} = {CAB700B4-C3E5-4589-A2D3-0D18ABEC214A}
		{A4B65D3F-41FC-4292-98AB-CB3181AE60E8} = {CAB700B4-C3E5-4589-A2D3-0D18ABEC214A}
		{39E784EE-9DCC-4E86-8104-58D996CD10B7} = {CAB700B4-C3E5-4589-A2D3-0D18ABEC214A}
		{E16D80BF-22B6-4042-AE4B-EB91F69D3721} = {CAB700B4-C3E5-4589-A2D3-0D18ABEC214A}
		{677C45F7-8EFD-47CA-9428-24E7B44B6332} = {CAB700B4-C3E5-4589-A2D3-0D18ABEC214A}
		{BCCC3802-5EA0-4ECB-A872-CD3B6635DB53} = {CAB700B4-C3E5-4589-A2D3-0D18ABEC214A}
		{11AB6334-8D75-4650-B20F-39DD5FE1A15A} = {CAB700B4-C3E5-4589-A2D3-0D18ABEC214A}
		{282A43E3-BB9E-4BD9-98C1-4862E4023E85} = {CAB700B4-C3E5-4589-A2D3-0D18ABEC214A}
		{DA99FE98-7B3E-431C-A6B6-903B73C6E6C2} = {CAB700B4-C3E5-4589-A2D3-0D18ABEC214A}
		{520506C5-BCB7-455D-BB42-EEBC6501CDD1} = {3A2EFDF4-195E-4F3F-B22B-06B05749AE22}
		{8F35B146-E0B1-4391-A040-41F4C69E152E} = {3A2EFDF4-195E-4F3F-B22B-06B05749AE22}
		{B6B7C091-F877-4833-83C9-E44AF395562E} = {3A2EFDF4-195E-4F3F-B22B-06B05749AE22}
		{02301A2A-99B3-4BCA-8787-299ECD367FFE} = {3A2EFDF4-195E-4F3F-B22B-06B05749AE22}
		{8486BF15-5E05-4BB1-A416-01E1928513A3} = {3A2EFDF4-195E-4F3F-B22B-06B05749AE22}
		{0920F118-1D90-4B0A-98D2-D11A2AE4DBA4} = {3A2EFDF4-195E-4F3F-B22B-06B05749AE22}
		{5F37459D-283A-4344-B0F3-AD501DD3885E} = {3A2EFDF4-195E-4F3F-B22B-06B05749AE22}
		{DA519221-2BC0-4AE8-82AF-99023076B4A9} = {3A2EFDF4-195E-4F3F-B22B-06B05749AE22}
		{BEEEC541-BAF9-4F66-A8E3-46F853C13B05} = {3A2EFDF4-195E-4F3F-B22B-06B05749AE22}
		{4E4A5B67-30B6-4BAC-98F7-2074BE137547} = {3A2EFDF4-195E-4F3F-B22B-06B05749AE22}
		{F010A5ED-7425-450C-9541-3C0A84291649} = {3A2EFDF4-195E-4F3F-B22B-06B05749AE22}
		{6D951440-841B-43FF-B4B8-564EC1FE426F} = {3A2EFDF4-195E-4F3F-B22B-06B05749AE22}
		{8E034DA6-825E-479E-A007-5F505D4120E5} = {86C46B62-2EE2-498A-AF32-FC5FDD2F0A22}
		{FAB4ADD3-C282-4EBE-A868-AC4AE4EEACC6} = {86C46B62-2EE2-498A-AF32-FC5FDD2F0A22}
		{D288794C-A9D8-4A06-BEB3-7374BA539E4B} = {86C46B62-2EE2-498A-AF32-FC5FDD2F0A22}
		{95A5E7BE-A51F-458B-B9BC-728D3D89094B} = {86C46B62-2EE2-498A-AF32-FC5FDD2F0A22}
		{7CF44053-27A1-47B8-B240-18AD5E51254E} = {86C46B62-2EE2-498A-AF32-FC5FDD2F0A22}
		{FB9AAC78-8910-458E-9B2E-C202C8AD4E10} = {86C46B62-2EE2-498A-AF32-FC5FDD2F0A22}
		{B4AE34DB-0396-44D1-BB2B-20312101DBBE} = {86C46B62-2EE2-498A-AF32-FC5FDD2F0A22}
		{1BE2E005-D4A0-4FF8-88F4-3E97E6979108} = {86C46B62-2EE2-498A-AF32-FC5FDD2F0A22}
		{B40CFCD4-3B1F-4698-BF71-FDF0F0BACE3A} = {86C46B62-2EE2-498A-AF32-FC5FDD2F0A22}
		{6921ED07-1FED-48F7-89B5-10D91770791F} = {86C46B62-2EE2-498A-AF32-FC5FDD2F0A22}
		{2FB95BBC-FC2D-4CC9-AEA2-32E8DD64E210} = {86C46B62-2EE2-498A-AF32-FC5FDD2F0A22}
		{CE7E0091-4443-4836-9908-B9085E57F000} = {44B97ABA-33AA-4617-877B-DCE5430E8F7E}
		{4681DE8D-1DC9-4EEB-98C9-4FBDD9AA8335} = {44B97ABA-33AA-4617-877B-DCE5430E8F7E}
		{41C43D07-6A78-40BC-923F-9F84BA311F6B} = {44B97ABA-33AA-4617-877B-DCE5430E8F7E}
		{79E50228-EB2E-4263-A15B-F5379064CFB3} = {44B97ABA-33AA-4617-877B-DCE5430E8F7E}
		{8C09645F-3776-4727-A2F4-45C15B2671F0} = {44B97ABA-33AA-4617-877B-DCE5430E8F7E}
		{C2B11311-F122-41CD-BCA7-CD05FBDB3819} = {44B97ABA-33AA-4617-877B-DCE5430E8F7E}
		{5A25AB69-3134-4EA0-864E-55B49B621067} = {44B97ABA-33AA-4617-877B-DCE5430E8F7E}
		{5C057A17-8D49-49F3-8B7E-A626A63E2032} = {44B97ABA-33AA-4617-877B-DCE5430E8F7E}
		{3D0E7BB2-1189-49DF-BE9F-F816EA13E119} = {DA8C3821-DB97-40AC-AB69-77DF0B4143F3}
		{5684BD81-2F71-475F-AAAC-75B073D791EC} = {DA8C3821-DB97-40AC-AB69-77DF0B4143F3}
		{82AC642E-836E-48F3-BED4-7A968CD1C26A} = {DA8C3821-DB97-40AC-AB69-77DF0B4143F3}
		{D34828E1-412C-48E7-9621-F2A12648C2E9} = {DA8C3821-DB97-40AC-AB69-77DF0B4143F3}
		{BCBB55B0-8858-4770-A8D1-B7163C77E317} = {DA8C3821-DB97-40AC-AB69-77DF0B4143F3}
		{9E416337-5C56-4736-AFF6-4CC871F4936C} = {DA8C3821-DB97-40AC-AB69-77DF0B4143F3}
		{3D4F0664-3BF1-4BEF-80F9-78DC748AFFF5} = {DA8C3821-DB97-40AC-AB69-77DF0B4143F3}
		{B2E8738D-328C-4E73-953A-B64C908781CB} = {DA8C3821-DB97-40AC-AB69-77DF0B4143F3}
		{79EA1A80-E1C0-42D6-8AC8-173986EDC4A7} = {DA8C3821-DB97-40AC-AB69-77DF0B4143F3}
		{67FDD6FA-D35B-446B-96D3-AC73934A70D0} = {A49F0D7D-4CE9-4DA0-9E3E-E9C85E2C4DF5}
		{72F2CC5A-40B9-46A6-9466-428CE564D558} = {A49F0D7D-4CE9-4DA0-9E3E-E9C85E2C4DF5}
		{783D95FF-A9FB-4193-AC41-27C8C11FC587} = {A49F0D7D-4CE9-4DA0-9E3E-E9C85E2C4DF5}
		{6ADDC3EA-C4A9-4890-B3FC-1B29DAB40AEF} = {A49F0D7D-4CE9-4DA0-9E3E-E9C85E2C4DF5}
		{A9EFBC63-C7DA-49BF-AB4F-F6C23DC1E40B} = {A49F0D7D-4CE9-4DA0-9E3E-E9C85E2C4DF5}
		{D3F9C086-7DD3-48FA-B424-DAFD486CC6FD} = {A49F0D7D-4CE9-4DA0-9E3E-E9C85E2C4DF5}
		{2547ACAF-74D3-4EA7-86C9-901F236A243B} = {A49F0D7D-4CE9-4DA0-9E3E-E9C85E2C4DF5}
		{78C00D2A-72A1-446D-B3E2-21CCF15AF87E} = {A49F0D7D-4CE9-4DA0-9E3E-E9C85E2C4DF5}
		{1A6AE0FA-3671-467C-A9DA-0587B408DB57} = {A49F0D7D-4CE9-4DA0-9E3E-E9C85E2C4DF5}
		{2EF4B8F4-A870-483E-814C-BB5CF6082431} = {A49F0D7D-4CE9-4DA0-9E3E-E9C85E2C4DF5}
		{2CF83A6B-4DB3-4222-B447-55B23DE18145} = {A49F0D7D-4CE9-4DA0-9E3E-E9C85E2C4DF5}
		{E7100C71-262D-43E7-988D-906853007294} = {A49F0D7D-4CE9-4DA0-9E3E-E9C85E2C4DF5}
		{B044A221-8491-4F09-8A19-F10DACA6DF5D} = {A49F0D7D-4CE9-4DA0-9E3E-E9C85E2C4DF5}
		{192F687B-68B3-4040-8E03-6A58681F7D0F} = {A49F0D7D-4CE9-4DA0-9E3E-E9C85E2C4DF5}
		{BE250DE0-C49F-4E8E-B573-C0425431336A} = {A49F0D7D-4CE9-4DA0-9E3E-E9C85E2C4DF5}
		{9A9022E3-EC46-4DDB-A6B0-96C077E3520A} = {A49F0D7D-4CE9-4DA0-9E3E-E9C85E2C4DF5}
		{A571D90C-B4F3-4F00-B702-EF83623D953E} = {A49F0D7D-4CE9-4DA0-9E3E-E9C85E2C4DF5}
		{411015C5-5344-4911-9088-31783977AD89} = {A49F0D7D-4CE9-4DA0-9E3E-E9C85E2C4DF5}
		{D31AA2D5-6214-4FC6-B552-6931C4FBA707} = {A49F0D7D-4CE9-4DA0-9E3E-E9C85E2C4DF5}
		{615B5010-08B0-4701-BD11-91F954EF42D6} = {89AD9075-B0BE-41C2-9EE0-7BDCA16DACD5}
		{C6989B14-EB42-4627-929F-F2ADFE5E722B} = {89AD9075-B0BE-41C2-9EE0-7BDCA16DACD5}
		{1B7BF82D-683D-4379-B0F4-2EBEF7BF3E8C} = {89AD9075-B0BE-41C2-9EE0-7BDCA16DACD5}
		{8B4C50FF-E896-4FC8-94A9-9BCDB40B737E} = {89AD9075-B0BE-41C2-9EE0-7BDCA16DACD5}
		{55048F59-6A9B-4DED-A044-300094D3E9B4} = {89AD9075-B0BE-41C2-9EE0-7BDCA16DACD5}
		{91A1CABF-7AE0-42F0-9F53-1E63B52BC0EC} = {33A3A8D6-E3F2-4F52-86F9-767A9AB961EE}
		{FEA611E8-4B8C-4B2D-BADB-1B5C98D8578A} = {33A3A8D6-E3F2-4F52-86F9-767A9AB961EE}
		{AF3FC497-16AD-4344-B6E6-951A6533F325} = {33A3A8D6-E3F2-4F52-86F9-767A9AB961EE}
		{D465EDD5-7816-4B1E-81B0-4DE582E53236} = {33A3A8D6-E3F2-4F52-86F9-767A9AB961EE}
		{76F9210E-7C56-4343-BFBA-5ADA8F7504A4} = {03E8503D-6DA8-47ED-BA12-A06F19569EDB}
		{63BDCB81-D3A6-4064-B4A5-7EA4D9E30DAC} = {03E8503D-6DA8-47ED-BA12-A06F19569EDB}
		{AAB5653D-112F-49ED-87E2-6C895861788D} = {03E8503D-6DA8-47ED-BA12-A06F19569EDB}
		{E5C44BBA-1712-4AEB-ACCE-5E9134FF876D} = {03E8503D-6DA8-47ED-BA12-A06F19569EDB}
		{88C1B203-159A-4452-82E6-F8B33DB9FF87} = {03E8503D-6DA8-47ED-BA12-A06F19569EDB}
		{641E2FA3-824A-44F9-B9B3-1C66BACD6EDF} = {03E8503D-6DA8-47ED-BA12-A06F19569EDB}
		{1D80038A-C217-48E0-B4EE-1579C5E2D022} = {03E8503D-6DA8-47ED-BA12-A06F19569EDB}
	EndGlobalSection
EndGlobal
